
Microsoft Visual Studio Solution File, Format Version 12.00
# Visual Studio Version 16
VisualStudioVersion = 16.0.32106.194
MinimumVisualStudioVersion = 10.0.40219.1
Project("{FAE04EC0-301F-11D3-BF4B-00C04F79EFBC}") = "TimeTracker", "TimeTracker\TimeTracker.csproj", "{C5C2EB5A-7E87-4CED-9D39-A5DB45A53FBF}"
EndProject
Global
	GlobalSection(SolutionConfigurationPlatforms) = preSolution
		Debug|Any CPU = Debug|Any CPU
		Release|Any CPU = Release|Any CPU
	EndGlobalSection
	GlobalSection(ProjectConfigurationPlatforms) = postSolution
		{C5C2EB5A-7E87-4CED-9D39-A5DB45A53FBF}.Debug|Any CPU.ActiveCfg = Debug|Any CPU
		{C5C2EB5A-7E87-4CED-9D39-A5DB45A53FBF}.Debug|Any CPU.Build.0 = Debug|Any CPU
		{C5C2EB5A-7E87-4CED-9D39-A5DB45A53FBF}.Release|Any CPU.ActiveCfg = Release|Any CPU
		{C5C2EB5A-7E87-4CED-9D39-A5DB45A53FBF}.Release|Any CPU.Build.0 = Release|Any CPU
	EndGlobalSection
	GlobalSection(SolutionProperties) = preSolution
		HideSolutionNode = FALSE
	EndGlobalSection
	GlobalSection(ExtensibilityGlobals) = postSolution
		SolutionGuid = {BF0716E5-6D20-49B3-9A1A-FC32E9DC8E2B}
	EndGlobalSection
EndGlobal
